
Microsoft Visual Studio Solution File, Format Version 12.00
# Visual Studio 15
VisualStudioVersion = 15.0.27703.2018
MinimumVisualStudioVersion = 10.0.40219.1
Project("{54435603-DBB4-11D2-8724-00A0C9A8B90C}") = "ProG_7up", "ProG_7up\ProG_7up.vdproj", "{E16F84A3-F757-44D6-B9C2-0D0EE584F061}"
EndProject
Project("{FAE04EC0-301F-11D3-BF4B-00C04F79EFBC}") = "Almontorie.ProG.ConsoleApp", "..\Programmation\Almontorie.ProG.ConsoleApp\Almontorie.ProG.ConsoleApp.csproj", "{921A5062-92DB-4E4E-B255-220065CE3950}"
EndProject
Project("{FAE04EC0-301F-11D3-BF4B-00C04F79EFBC}") = "Almontorie.ProG.Model", "..\Programmation\Almontorie.ProG.Model\Almontorie.ProG.Model.csproj", "{D143383D-7A81-4251-9B4B-6FB9E1F405BC}"
EndProject
Project("{FAE04EC0-301F-11D3-BF4B-00C04F79EFBC}") = "Almontorie.ProG.View", "..\Programmation\Almontorie.ProG.View\Almontorie.ProG.View.csproj", "{AC1EF381-8874-4363-97D8-31459F3E07F9}"
EndProject
Project("{FAE04EC0-301F-11D3-BF4B-00C04F79EFBC}") = "Almontorie.ProG.Controller", "..\Programmation\Almontorie.ProG.Controller\Almontorie.ProG.Controller.csproj", "{4EFF65CD-FE82-43A2-96F7-C8F28941ECB9}"
EndProject
Project("{FAE04EC0-301F-11D3-BF4B-00C04F79EFBC}") = "Almontorie.ProG.WinApp", "..\Programmation\Almontorie.ProG.WinApp\Almontorie.ProG.WinApp.csproj", "{E36FC25B-9F68-4F46-BDC9-E22E5B2C1EEC}"
EndProject
Project("{FAE04EC0-301F-11D3-BF4B-00C04F79EFBC}") = "Almontorie.ProG.Service", "..\Programmation\Almontorie.ProG.Servvice\Almontorie.ProG.Service.csproj", "{17CD3816-F78B-4551-AF6C-AE9DA78A40A6}"
EndProject
Global
	GlobalSection(SolutionConfigurationPlatforms) = preSolution
		Debug|Any CPU = Debug|Any CPU
		Release|Any CPU = Release|Any CPU
	EndGlobalSection
	GlobalSection(ProjectConfigurationPlatforms) = postSolution
		{E16F84A3-F757-44D6-B9C2-0D0EE584F061}.Debug|Any CPU.ActiveCfg = Debug
		{E16F84A3-F757-44D6-B9C2-0D0EE584F061}.Debug|Any CPU.Build.0 = Debug
		{E16F84A3-F757-44D6-B9C2-0D0EE584F061}.Release|Any CPU.ActiveCfg = Release
		{E16F84A3-F757-44D6-B9C2-0D0EE584F061}.Release|Any CPU.Build.0 = Release
		{921A5062-92DB-4E4E-B255-220065CE3950}.Debug|Any CPU.ActiveCfg = Debug|Any CPU
		{921A5062-92DB-4E4E-B255-220065CE3950}.Debug|Any CPU.Build.0 = Debug|Any CPU
		{921A5062-92DB-4E4E-B255-220065CE3950}.Release|Any CPU.ActiveCfg = Release|Any CPU
		{921A5062-92DB-4E4E-B255-220065CE3950}.Release|Any CPU.Build.0 = Release|Any CPU
		{D143383D-7A81-4251-9B4B-6FB9E1F405BC}.Debug|Any CPU.ActiveCfg = Debug|Any CPU
		{D143383D-7A81-4251-9B4B-6FB9E1F405BC}.Debug|Any CPU.Build.0 = Debug|Any CPU
		{D143383D-7A81-4251-9B4B-6FB9E1F405BC}.Release|Any CPU.ActiveCfg = Release|Any CPU
		{D143383D-7A81-4251-9B4B-6FB9E1F405BC}.Release|Any CPU.Build.0 = Release|Any CPU
		{AC1EF381-8874-4363-97D8-31459F3E07F9}.Debug|Any CPU.ActiveCfg = Debug|Any CPU
		{AC1EF381-8874-4363-97D8-31459F3E07F9}.Debug|Any CPU.Build.0 = Debug|Any CPU
		{AC1EF381-8874-4363-97D8-31459F3E07F9}.Release|Any CPU.ActiveCfg = Release|Any CPU
		{AC1EF381-8874-4363-97D8-31459F3E07F9}.Release|Any CPU.Build.0 = Release|Any CPU
		{4EFF65CD-FE82-43A2-96F7-C8F28941ECB9}.Debug|Any CPU.ActiveCfg = Debug|Any CPU
		{4EFF65CD-FE82-43A2-96F7-C8F28941ECB9}.Debug|Any CPU.Build.0 = Debug|Any CPU
		{4EFF65CD-FE82-43A2-96F7-C8F28941ECB9}.Release|Any CPU.ActiveCfg = Release|Any CPU
		{4EFF65CD-FE82-43A2-96F7-C8F28941ECB9}.Release|Any CPU.Build.0 = Release|Any CPU
		{E36FC25B-9F68-4F46-BDC9-E22E5B2C1EEC}.Debug|Any CPU.ActiveCfg = Debug|Any CPU
		{E36FC25B-9F68-4F46-BDC9-E22E5B2C1EEC}.Debug|Any CPU.Build.0 = Debug|Any CPU
		{E36FC25B-9F68-4F46-BDC9-E22E5B2C1EEC}.Release|Any CPU.ActiveCfg = Release|Any CPU
		{E36FC25B-9F68-4F46-BDC9-E22E5B2C1EEC}.Release|Any CPU.Build.0 = Release|Any CPU
		{17CD3816-F78B-4551-AF6C-AE9DA78A40A6}.Debug|Any CPU.ActiveCfg = Debug|Any CPU
		{17CD3816-F78B-4551-AF6C-AE9DA78A40A6}.Debug|Any CPU.Build.0 = Debug|Any CPU
		{17CD3816-F78B-4551-AF6C-AE9DA78A40A6}.Release|Any CPU.ActiveCfg = Release|Any CPU
		{17CD3816-F78B-4551-AF6C-AE9DA78A40A6}.Release|Any CPU.Build.0 = Release|Any CPU
	EndGlobalSection
	GlobalSection(SolutionProperties) = preSolution
		HideSolutionNode = FALSE
	EndGlobalSection
	GlobalSection(ExtensibilityGlobals) = postSolution
		SolutionGuid = {839E898E-E0D3-41C8-A4AE-2AFE6C6E11CA}
	EndGlobalSection
EndGlobal
