
Microsoft Visual Studio Solution File, Format Version 12.00
# Visual Studio 14
VisualStudioVersion = 14.0.24720.0
MinimumVisualStudioVersion = 10.0.40219.1
Project("{FAE04EC0-301F-11D3-BF4B-00C04F79EFBC}") = "Almontorie.ProG.ConsoleApp", "Almontorie.ProG.ConsoleApp\Almontorie.ProG.ConsoleApp.csproj", "{921A5062-92DB-4E4E-B255-220065CE3950}"
EndProject
Project("{FAE04EC0-301F-11D3-BF4B-00C04F79EFBC}") = "Almontorie.ProG.Model", "Almontorie.ProG.Model\Almontorie.ProG.Model.csproj", "{D143383D-7A81-4251-9B4B-6FB9E1F405BC}"
EndProject
Project("{FAE04EC0-301F-11D3-BF4B-00C04F79EFBC}") = "Almontorie.ProG.View", "Almontorie.ProG.View\Almontorie.ProG.View.csproj", "{AC1EF381-8874-4363-97D8-31459F3E07F9}"
EndProject
Project("{FAE04EC0-301F-11D3-BF4B-00C04F79EFBC}") = "Almontorie.ProG.Controller", "Almontorie.ProG.Controller\Almontorie.ProG.Controller.csproj", "{4EFF65CD-FE82-43A2-96F7-C8F28941ECB9}"
EndProject
Global
	GlobalSection(SolutionConfigurationPlatforms) = preSolution
		Debug|Any CPU = Debug|Any CPU
		Release|Any CPU = Release|Any CPU
	EndGlobalSection
	GlobalSection(ProjectConfigurationPlatforms) = postSolution
		{921A5062-92DB-4E4E-B255-220065CE3950}.Debug|Any CPU.ActiveCfg = Debug|Any CPU
		{921A5062-92DB-4E4E-B255-220065CE3950}.Debug|Any CPU.Build.0 = Debug|Any CPU
		{921A5062-92DB-4E4E-B255-220065CE3950}.Release|Any CPU.ActiveCfg = Release|Any CPU
		{921A5062-92DB-4E4E-B255-220065CE3950}.Release|Any CPU.Build.0 = Release|Any CPU
		{D143383D-7A81-4251-9B4B-6FB9E1F405BC}.Debug|Any CPU.ActiveCfg = Debug|Any CPU
		{D143383D-7A81-4251-9B4B-6FB9E1F405BC}.Debug|Any CPU.Build.0 = Debug|Any CPU
		{D143383D-7A81-4251-9B4B-6FB9E1F405BC}.Release|Any CPU.ActiveCfg = Release|Any CPU
		{D143383D-7A81-4251-9B4B-6FB9E1F405BC}.Release|Any CPU.Build.0 = Release|Any CPU
		{AC1EF381-8874-4363-97D8-31459F3E07F9}.Debug|Any CPU.ActiveCfg = Debug|Any CPU
		{AC1EF381-8874-4363-97D8-31459F3E07F9}.Debug|Any CPU.Build.0 = Debug|Any CPU
		{AC1EF381-8874-4363-97D8-31459F3E07F9}.Release|Any CPU.ActiveCfg = Release|Any CPU
		{AC1EF381-8874-4363-97D8-31459F3E07F9}.Release|Any CPU.Build.0 = Release|Any CPU
		{4EFF65CD-FE82-43A2-96F7-C8F28941ECB9}.Debug|Any CPU.ActiveCfg = Debug|Any CPU
		{4EFF65CD-FE82-43A2-96F7-C8F28941ECB9}.Debug|Any CPU.Build.0 = Debug|Any CPU
		{4EFF65CD-FE82-43A2-96F7-C8F28941ECB9}.Release|Any CPU.ActiveCfg = Release|Any CPU
		{4EFF65CD-FE82-43A2-96F7-C8F28941ECB9}.Release|Any CPU.Build.0 = Release|Any CPU
	EndGlobalSection
	GlobalSection(SolutionProperties) = preSolution
		HideSolutionNode = FALSE
	EndGlobalSection
	GlobalSection(ExtensibilityGlobals) = postSolution
		SolutionGuid = {839E898E-E0D3-41C8-A4AE-2AFE6C6E11CA}
	EndGlobalSection
EndGlobal
